{
  "object": {
    "pins": [
      {
        "package": "SwiftKeychainWrapper",
        "repositoryURL": "https://github.com/jrendel/SwiftKeychainWrapper",
        "state": {
          "branch": null,
          "revision": "185a3165346a03767101c4f62e9a545a0fe0530f",
          "version": "4.0.1"
        }
      },
      {
        "package": "Charts",
        "repositoryURL": "https://github.com/spacenation/swiftui-charts",
        "state": {
          "branch": null,
          "revision": "0b66e5c2326e954efdcc94a9eeb699e2f2ae80a2",
          "version": "1.0.0"
        }
      },
      {
        "package": "Shapes",
        "repositoryURL": "https://github.com/swift-extensions/swiftui-shapes.git",
        "state": {
          "branch": null,
          "revision": "13dec88f0e3731f191ee650c8fc21708692e2302",
          "version": "1.0.0"
        }
      },
      {
        "package": "XCGLogger",
        "repositoryURL": "https://github.com/DaveWoodCom/XCGLogger.git",
        "state": {
          "branch": null,
          "revision": "a9c4667b247928a29bdd41be2ec2c8d304215a54",
          "version": "7.0.1"
        }
      }
    ]
  },
  "version": 1
}
